# This file is automatically @generated by Poetry 1.8.2 and should not be changed by hand.

[[package]]
name = "igraph"
version = "0.11.4"
description = "High performance graph data structures and algorithms"
optional = false
python-versions = ">=3.8"
files = [
    {file = "igraph-0.11.4-cp38-cp38-macosx_10_9_x86_64.whl", hash = "sha256:5e09502860c77f381cffcfd4ee13e3436ab5e079752c7ef04db1c90ecdce8cbb"},
    {file = "igraph-0.11.4-cp38-cp38-macosx_11_0_arm64.whl", hash = "sha256:e876403a2d0121a57fec353f65da88a454fe14fa585087b1eab89cc80d19926d"},
    {file = "igraph-0.11.4-cp38-cp38-manylinux_2_17_aarch64.manylinux2014_aarch64.whl", hash = "sha256:8eae3aa83815624821e02c1cc8b63386c8b3712959f5159f6a4487f84a34eb12"},
    {file = "igraph-0.11.4-cp38-cp38-manylinux_2_17_i686.manylinux2014_i686.whl", hash = "sha256:b1c9039bb3a192a67210d5be4adc009ce9225da5ef1698ebfcde4f84e9c77c06"},
    {file = "igraph-0.11.4-cp38-cp38-manylinux_2_17_x86_64.manylinux2014_x86_64.whl", hash = "sha256:a070d0a2a2a21aef04b9c5319e55b0d021df2472849d9d1569e9c2b431306e23"},
    {file = "igraph-0.11.4-cp38-cp38-musllinux_1_1_aarch64.whl", hash = "sha256:b2b07a25da5cac04a19d78957900fa370694871fc132eb4bb7c577b1dda3b663"},
    {file = "igraph-0.11.4-cp38-cp38-musllinux_1_1_i686.whl", hash = "sha256:d1848ba6e8e64ad101156cbc320529329ad9e59cf67aa24b55ec59f5064c2e21"},
    {file = "igraph-0.11.4-cp38-cp38-musllinux_1_1_x86_64.whl", hash = "sha256:a5b88109c5c41256f3c2e2d23969791ed3a0a684a509602dc704da1576d74c52"},
    {file = "igraph-0.11.4-cp38-cp38-win32.whl", hash = "sha256:2239e5f040811584035bc5251a147fb573d35f48e196be8ed35b3d5bf46b958c"},
    {file = "igraph-0.11.4-cp38-cp38-win_amd64.whl", hash = "sha256:822020b796f9882f3b4cddbe2e9bbb723a7ceab4cccccbbc879d425563dbb241"},
    {file = "igraph-0.11.4-cp39-abi3-macosx_10_9_x86_64.whl", hash = "sha256:28f78de54ef5874ac63914ea550a9390f4ee1faee41cff709e2edd2bd03d094e"},
    {file = "igraph-0.11.4-cp39-abi3-macosx_11_0_arm64.whl", hash = "sha256:a8c12fa6024642009859b68cc81dc6cedee904aff61ef5ee078cebe2c1fc6169"},
    {file = "igraph-0.11.4-cp39-abi3-manylinux_2_17_aarch64.manylinux2014_aarch64.whl", hash = "sha256:1e1089df6ef152259028bc989e2045e0f570a0367ac5725a0a076318165ed5b0"},
    {file = "igraph-0.11.4-cp39-abi3-manylinux_2_17_i686.manylinux2014_i686.whl", hash = "sha256:456f7ef35271fe10cd95dc7437e7d2121b1fc1c3dc70d6a4290645f4eaf41c73"},
    {file = "igraph-0.11.4-cp39-abi3-manylinux_2_17_x86_64.manylinux2014_x86_64.whl", hash = "sha256:9e262f59da1c84f174b3b0ca960a3bf4988387441cf4ef70a4899731c5100cc4"},
    {file = "igraph-0.11.4-cp39-abi3-musllinux_1_1_aarch64.whl", hash = "sha256:8052b0ed6e4394876daf66b52d590539bfb859108d7acb7da7b6e5b9bf5766f8"},
    {file = "igraph-0.11.4-cp39-abi3-musllinux_1_1_i686.whl", hash = "sha256:3641d2ae9e76e2628367774f4a64095f6cbbea0c94f6bbad7fea2df9c5bf5e82"},
    {file = "igraph-0.11.4-cp39-abi3-musllinux_1_1_x86_64.whl", hash = "sha256:ca02917924dcb24e4ed4fc31a64350060f4ae5c74358a5ff8a334be74f454b70"},
    {file = "igraph-0.11.4-cp39-abi3-win32.whl", hash = "sha256:6db79fdc786b96c559e772a6bf400d606b4730b8bb32b5509cc15f23fdcda314"},
    {file = "igraph-0.11.4-cp39-abi3-win_amd64.whl", hash = "sha256:86703b0b526775df38b14b7bc6ee42ecd7f75df3c3f20be0b8e1b70df6a321ce"},
    {file = "igraph-0.11.4-pp310-pypy310_pp73-macosx_10_9_x86_64.whl", hash = "sha256:51b765bd0e3bb4b16cbee539496de0c1240957f5ea8795f3602ff6654bca578d"},
    {file = "igraph-0.11.4-pp310-pypy310_pp73-manylinux_2_17_aarch64.manylinux2014_aarch64.whl", hash = "sha256:138d0804a445aeeffc5e1eefd792d7d91cc30f3be3eea7c67fe928484579b90f"},
    {file = "igraph-0.11.4-pp310-pypy310_pp73-manylinux_2_17_i686.manylinux2014_i686.whl", hash = "sha256:50d49808f4a72b28cb18471b9ea577837504b47fa1799357b5ee26763f791d14"},
    {file = "igraph-0.11.4-pp310-pypy310_pp73-manylinux_2_17_x86_64.manylinux2014_x86_64.whl", hash = "sha256:7b323b5645eac4e8b1a16ab902c646605ec9052a88eb70f79284cf30e96d873e"},
    {file = "igraph-0.11.4-pp310-pypy310_pp73-win_amd64.whl", hash = "sha256:f5cf58eb72c88da7b4eae50b20282df1713f8c70191d1a8f970cd78eef786577"},
    {file = "igraph-0.11.4-pp38-pypy38_pp73-macosx_10_9_x86_64.whl", hash = "sha256:ebd1cf6620171051dca09987bf1acdb6c7fdd00af8f10e8a6ad20fc54a1bf6b5"},
    {file = "igraph-0.11.4-pp38-pypy38_pp73-manylinux_2_17_aarch64.manylinux2014_aarch64.whl", hash = "sha256:e8d40cf9e5c93215d7d896133896284a6c33681042695cc16ce3371b9056dbc7"},
    {file = "igraph-0.11.4-pp38-pypy38_pp73-manylinux_2_17_i686.manylinux2014_i686.whl", hash = "sha256:2344b9cf87c81804dac3751f589c751652ae51c9c9e546deda31419d9716acb3"},
    {file = "igraph-0.11.4-pp38-pypy38_pp73-manylinux_2_17_x86_64.manylinux2014_x86_64.whl", hash = "sha256:60d4e8f328c23ab5075b19eb0257a1041381d4516040e964232578767fdc4f1b"},
    {file = "igraph-0.11.4-pp38-pypy38_pp73-win_amd64.whl", hash = "sha256:7d3b64b2427024b4e27f57375f0f94ba89243b9be193539925791bd332c6c6ad"},
    {file = "igraph-0.11.4-pp39-pypy39_pp73-macosx_10_9_x86_64.whl", hash = "sha256:897a228feb3f905286e46b4cd33fccd61392a19c3d3c9fccad3362d7a86f3623"},
    {file = "igraph-0.11.4-pp39-pypy39_pp73-manylinux_2_17_aarch64.manylinux2014_aarch64.whl", hash = "sha256:cb152bb30298027468f65374a6b2c6b7d28f2d7e0ed58c7d202221de5ce9a92e"},
    {file = "igraph-0.11.4-pp39-pypy39_pp73-manylinux_2_17_i686.manylinux2014_i686.whl", hash = "sha256:d92ef35f8ad1b7cf934704f154e03e21bd0a133f20e177f904f8b7ca4c341e88"},
    {file = "igraph-0.11.4-pp39-pypy39_pp73-manylinux_2_17_x86_64.manylinux2014_x86_64.whl", hash = "sha256:208f6ff8bec7e6994d64e0e1a209d0821dd33f23c3b4d0f30db0a9a9d35b631f"},
    {file = "igraph-0.11.4-pp39-pypy39_pp73-win_amd64.whl", hash = "sha256:82a968311f4ccdd2eeb88758d3df6f67e999476e5f760e284726c9ed4fee62d8"},
    {file = "igraph-0.11.4.tar.gz", hash = "sha256:2437ae0157af6824e2e65a23f7a1fa4fbf0f3664333c72aeca4fc01b83e18483"},
]

[package.dependencies]
texttable = ">=1.6.2"

[package.extras]
cairo = ["cairocffi (>=1.2.0)"]
doc = ["Sphinx (>=7.0.0)", "pydoctor (>=23.4.0)", "sphinx-gallery (>=0.14.0)", "sphinx-rtd-theme (>=1.3.0)"]
matplotlib = ["matplotlib (>=3.6.0)"]
plotly = ["plotly (>=5.3.0)"]
plotting = ["cairocffi (>=1.2.0)"]
test = ["Pillow (>=9)", "cairocffi (>=1.2.0)", "matplotlib (>=3.6.0)", "networkx (>=2.5)", "numpy (>=1.19.0)", "pandas (>=1.1.0)", "plotly (>=5.3.0)", "pytest (>=7.0.1)", "pytest-timeout (>=2.1.0)", "scipy (>=1.5.0)"]
test-musl = ["cairocffi (>=1.2.0)", "networkx (>=2.5)", "pytest (>=7.0.1)", "pytest-timeout (>=2.1.0)"]

[[package]]
name = "infomap"
version = "2.7.1"
description = "Infomap network clustering algorithm"
optional = false
python-versions = ">=3"
files = [
    {file = "infomap-2.7.1-cp310-cp310-macosx_11_0_x86_64.whl", hash = "sha256:167f87da8b72d22dea9c3c6d5245fe5c45a60e68579f729edb7aa5bcb7325e21"},
    {file = "infomap-2.7.1-cp310-cp310-win_amd64.whl", hash = "sha256:6e9369e43d8347c3b141abb6b060e8fd4bcef89a676a98b7109d37c29d798563"},
    {file = "infomap-2.7.1-cp37-cp37m-macosx_10_15_x86_64.whl", hash = "sha256:188ad76d3b7087224498326977e8711ebcc9526738d4a79d2d8ed5c166688207"},
    {file = "infomap-2.7.1-cp37-cp37m-win_amd64.whl", hash = "sha256:52aba7e9df564c8a05d5c48bf12626b892ac5e9e5fc519cbd100a8f705b4528e"},
    {file = "infomap-2.7.1-cp38-cp38-macosx_10_15_x86_64.whl", hash = "sha256:a0371c09f06f0562eaa497204c8c5276a06b2c4d8fb466e850fff53c9e0ca02c"},
    {file = "infomap-2.7.1-cp38-cp38-win_amd64.whl", hash = "sha256:85d4fe148693ca5dca03d5069836eda535c0246abf2f175c2e418fa5dc47fb93"},
    {file = "infomap-2.7.1-cp39-cp39-macosx_11_0_x86_64.whl", hash = "sha256:37b91d20610c3ff089eef418a058635f805f1239e2fd8859cce22219059041b6"},
    {file = "infomap-2.7.1-cp39-cp39-win_amd64.whl", hash = "sha256:b65a48614a33c37a4d671d04378cb4147e99468d0cbf945568bee05b148058df"},
    {file = "infomap-2.7.1.tar.gz", hash = "sha256:e23d52dffdb68646fcdcd9c7c7a6760ec26038c21107c47336604ee66ea74c18"},
]

[[package]]
name = "networkx"
version = "3.3"
description = "Python package for creating and manipulating graphs and networks"
optional = false
python-versions = ">=3.10"
files = [
    {file = "networkx-3.3-py3-none-any.whl", hash = "sha256:28575580c6ebdaf4505b22c6256a2b9de86b316dc63ba9e93abde3d78dfdbcf2"},
    {file = "networkx-3.3.tar.gz", hash = "sha256:0c127d8b2f4865f59ae9cb8aafcd60b5c70f3241ebd66f7defad7c4ab90126c9"},
]

[package.extras]
default = ["matplotlib (>=3.6)", "numpy (>=1.23)", "pandas (>=1.4)", "scipy (>=1.9,!=1.11.0,!=1.11.1)"]
developer = ["changelist (==0.5)", "mypy (>=1.1)", "pre-commit (>=3.2)", "rtoml"]
doc = ["myst-nb (>=1.0)", "numpydoc (>=1.7)", "pillow (>=9.4)", "pydata-sphinx-theme (>=0.14)", "sphinx (>=7)", "sphinx-gallery (>=0.14)", "texext (>=0.6.7)"]
extra = ["lxml (>=4.6)", "pydot (>=2.0)", "pygraphviz (>=1.12)", "sympy (>=1.10)"]
test = ["pytest (>=7.2)", "pytest-cov (>=4.0)"]

[[package]]
name = "python-igraph"
version = "0.11.4"
description = "High performance graph data structures and algorithms (legacy package)"
optional = false
python-versions = ">=3.6"
files = [
    {file = "python-igraph-0.11.4.tar.gz", hash = "sha256:5f11ea67fa13691907b54f5285e82935b9c8919e6a2de49212dfcbb421e97fbd"},
    {file = "python_igraph-0.11.4-py3-none-any.whl", hash = "sha256:4a055fe80fd6448cadc7faead6b8e54f947f864ff02477e926fa1499d3961869"},
]

[package.dependencies]
igraph = "0.11.4"

[package.extras]
cairo = ["cairocffi (>=1.2.0)"]
matplotlib = ["matplotlib (>=3.3.0)"]
plotly = ["plotly (>=5.3.0)"]
plotting = ["cairocffi (>=1.2.0)"]

[[package]]
name = "texttable"
version = "1.7.0"
description = "module to create simple ASCII tables"
optional = false
python-versions = "*"
files = [
    {file = "texttable-1.7.0-py2.py3-none-any.whl", hash = "sha256:72227d592c82b3d7f672731ae73e4d1f88cd8e2ef5b075a7a7f01a23a3743917"},
    {file = "texttable-1.7.0.tar.gz", hash = "sha256:2d2068fb55115807d3ac77a4ca68fa48803e84ebb0ee2340f858107a36522638"},
]

[metadata]
lock-version = "2.0"
python-versions = "^3.11"
content-hash = "f7ae866a5735d970a73acbe574272292e264ad31f3fd3e4d6e759da9176197a6"
